
Microsoft Visual Studio Solution File, Format Version 12.00
# Visual Studio Version 17
VisualStudioVersion = 17.8.34309.116
MinimumVisualStudioVersion = 10.0.40219.1
Project("{FAE04EC0-301F-11D3-BF4B-00C04F79EFBC}") = "Observer", "Observer\Observer.csproj", "{44679E4A-720B-4B63-ACD6-09957BEEEA34}"
EndProject
Global
	GlobalSection(SolutionConfigurationPlatforms) = preSolution
		Debug|Any CPU = Debug|Any CPU
		Release|Any CPU = Release|Any CPU
	EndGlobalSection
	GlobalSection(ProjectConfigurationPlatforms) = postSolution
		{44679E4A-720B-4B63-ACD6-09957BEEEA34}.Debug|Any CPU.ActiveCfg = Debug|Any CPU
		{44679E4A-720B-4B63-ACD6-09957BEEEA34}.Debug|Any CPU.Build.0 = Debug|Any CPU
		{44679E4A-720B-4B63-ACD6-09957BEEEA34}.Release|Any CPU.ActiveCfg = Release|Any CPU
		{44679E4A-720B-4B63-ACD6-09957BEEEA34}.Release|Any CPU.Build.0 = Release|Any CPU
	EndGlobalSection
	GlobalSection(SolutionProperties) = preSolution
		HideSolutionNode = FALSE
	EndGlobalSection
	GlobalSection(ExtensibilityGlobals) = postSolution
		SolutionGuid = {FF83B32A-5331-4998-B118-E0A165D2B7B8}
	EndGlobalSection
EndGlobal
